# THIS IS AN AUTOGENERATED FILE. DO NOT EDIT THIS FILE DIRECTLY.
# yarn lockfile v1


"@vant/area-data@^1.5.0":
  version "1.5.0"
  resolved "https://registry.npmmirror.com/@vant/area-data/-/area-data-1.5.0.tgz#0627f8a6cc67ebc137b43a1867a28d455d21a21c"
  integrity sha512-SWmDhYmWiOgtAgtJqcW7N4XyGgrg/7l6t1+XSgt8BkPp2oOKO1ZUn8+46brLpT/gzRe/v8BtyTLmdBwMamrmQw==

"@vant/weapp@^1.10.25":
  version "1.10.25"
  resolved "https://registry.npmmirror.com/@vant/weapp/-/weapp-1.10.25.tgz#406f4bd4845ae0463dff73b4a029859de1bee9fd"
  integrity sha512-UGtEZdyaYNDfZ2GJ4qHU1ch23s2iYaPhxd+kx/baPvtPOlIllCLw0yk5v+4mMG6ZyMmIZCQd3nbLIEwDezLWYA==
